
Microsoft Visual Studio Solution File, Format Version 12.00
# Visual Studio 15
VisualStudioVersion = 15.0.27703.2035
MinimumVisualStudioVersion = 10.0.40219.1
Project("{9A19103F-16F7-4668-BE54-9A1E7A4F7556}") = "CityTowerServer", "CityTowerServer\CityTowerServer.csproj", "{61E5AFD6-3EA8-4112-B1A5-84F2209BF8C9}"
EndProject
Project("{FAE04EC0-301F-11D3-BF4B-00C04F79EFBC}") = "CityTowerWebAPI", "CityTowerWebAPI\CityTowerWebAPI.csproj", "{DC9C66B9-6C1C-4581-95BC-69886CE3FCA6}"
EndProject
Project("{FAE04EC0-301F-11D3-BF4B-00C04F79EFBC}") = "DataAccessLayer", "DataAccessLayer\DataAccessLayer.csproj", "{97723B50-34A7-4B21-9EAE-AA491F1D7A86}"
EndProject
Global
	GlobalSection(SolutionConfigurationPlatforms) = preSolution
		Debug|Any CPU = Debug|Any CPU
		Release|Any CPU = Release|Any CPU
	EndGlobalSection
	GlobalSection(ProjectConfigurationPlatforms) = postSolution
		{61E5AFD6-3EA8-4112-B1A5-84F2209BF8C9}.Debug|Any CPU.ActiveCfg = Debug|Any CPU
		{61E5AFD6-3EA8-4112-B1A5-84F2209BF8C9}.Debug|Any CPU.Build.0 = Debug|Any CPU
		{61E5AFD6-3EA8-4112-B1A5-84F2209BF8C9}.Release|Any CPU.ActiveCfg = Release|Any CPU
		{61E5AFD6-3EA8-4112-B1A5-84F2209BF8C9}.Release|Any CPU.Build.0 = Release|Any CPU
		{DC9C66B9-6C1C-4581-95BC-69886CE3FCA6}.Debug|Any CPU.ActiveCfg = Debug|Any CPU
		{DC9C66B9-6C1C-4581-95BC-69886CE3FCA6}.Debug|Any CPU.Build.0 = Debug|Any CPU
		{DC9C66B9-6C1C-4581-95BC-69886CE3FCA6}.Release|Any CPU.ActiveCfg = Release|Any CPU
		{DC9C66B9-6C1C-4581-95BC-69886CE3FCA6}.Release|Any CPU.Build.0 = Release|Any CPU
		{97723B50-34A7-4B21-9EAE-AA491F1D7A86}.Debug|Any CPU.ActiveCfg = Debug|Any CPU
		{97723B50-34A7-4B21-9EAE-AA491F1D7A86}.Debug|Any CPU.Build.0 = Debug|Any CPU
		{97723B50-34A7-4B21-9EAE-AA491F1D7A86}.Release|Any CPU.ActiveCfg = Release|Any CPU
		{97723B50-34A7-4B21-9EAE-AA491F1D7A86}.Release|Any CPU.Build.0 = Release|Any CPU
	EndGlobalSection
	GlobalSection(SolutionProperties) = preSolution
		HideSolutionNode = FALSE
	EndGlobalSection
	GlobalSection(ExtensibilityGlobals) = postSolution
		SolutionGuid = {E6BAB95C-D70E-4780-BC77-71B73A54232C}
	EndGlobalSection
EndGlobal
